{
  "version": 4,
  "terraform_version": "1.9.8",
  "serial": 183,
  "lineage": "ea36893b-beda-edea-00d5-2b8b68e792ea",
  "outputs": {
    "cvm1_public_ip": {
      "value": "43.154.143.154",
      "type": "string"
    },
    "cvm1_ssh_cmd": {
      "value": "ssh ubuntu@43.154.143.154 (pwd: qwe123ewq)",
      "type": "string"
    },
    "cvm2_public_ip": {
      "value": "43.135.92.229",
      "type": "string"
    },
    "cvm2_ssh_cmd": {
      "value": "ssh ubuntu@43.135.92.229 (pwd: qwe123ewq)",
      "type": "string"
    },
    "cvm_public_ip": {
      "value": "43.135.40.99",
      "type": "string"
    },
    "cvm_ssh_cmd": {
      "value": "ssh ubuntu@43.135.40.99 (pwd: qwe123ewq)",
      "type": "string"
    },
    "export_kubeconfig1_cmd": {
      "value": "export KUBECONFIG=./config1.yaml",
      "type": "string"
    },
    "export_kubeconfig2_cmd": {
      "value": "export KUBECONFIG=./config2.yaml",
      "type": "string"
    },
    "export_kubeconfig_cmd": {
      "value": "export KUBECONFIG=./config.yaml",
      "type": "string"
    }
  },
  "resources": [
    {
      "mode": "managed",
      "type": "local_file",
      "name": "kubeconfig",
      "provider": "provider[\"registry.terraform.io/hashicorp/local\"]",
      "instances": [
        {
          "schema_version": 0,
          "attributes": {
            "content": "\"apiVersion\": \"v1\"\n\"clusters\":\n- \"cluster\":\n    \"certificate-authority-data\": \"LS0tLS1CRUdJTiBDRVJUSUZJQ0FURS0tLS0tCk1JSUJ2VENDQVVPZ0F3SUJBZ0lRWmxSQWxWZmJ2cjN0MzhwVy8zY1pQVEFLQmdncWhrak9QUVFEQXpBZk1SMHcKR3dZRFZRUURFeFJyZFdKbGNtNWxkR1Z6TFhObGNuWmxjaTFqWVRBZ0Z3MHlOREV5TURjd01ESTVNekJhR0E4eQpNVEkwTVRJd09EQXdNamt6TUZvd0h6RWRNQnNHQTFVRUF4TVVhM1ZpWlhKdVpYUmxjeTF6WlhKMlpYSXRZMkV3CmRqQVFCZ2NxaGtqT1BRSUJCZ1VyZ1FRQUlnTmlBQVMrenZCdS9yeDB2MWFicUNTekNILy9hODNwYTZDTDJ0Zk4KWHBtTzM5N0FZUktCWmhmTnFtNHZUbSt2MlhlbUx3N0thVTFWc3Z0d3RYdEtsYzA2enNqRmVFbGNjd0FmZnJ4agpGZnljelRuVy9IOFdOY1NROC90eWtKQ1Q1c3BvZDZXalFqQkFNQTRHQTFVZER3RUIvd1FFQXdJQ3BEQVBCZ05WCkhSTUJBZjhFQlRBREFRSC9NQjBHQTFVZERnUVdCQlI4c0cyRnN0aVIyaHBIYitJYWdlemdHallXVVRBS0JnZ3EKaGtqT1BRUURBd05vQURCbEFqRUE2bVZlRyt1eDI0T3RTL3cyUy94V1dkWi9GTDh6OFpaN0VHRjNNU2txM1lmbQpsZHVPOXF1dTBOSEhZMVdBZmtDSEFqQkpLYU15QzlJQ1greGlUMTFOZjNXZ2d5eUYwc2tQZUtYZ1dVYkxVazJlCjJPM1lPSnBSdFpFNWIyZUhRYy9xWjlVPQotLS0tLUVORCBDRVJUSUZJQ0FURS0tLS0tCg==\"\n    \"server\": \"https://43.135.40.99:6443\"\n  \"name\": \"cluster.local\"\n\"contexts\":\n- \"context\":\n    \"cluster\": \"cluster.local\"\n    \"user\": \"master-user\"\n  \"name\": \"cluster.local\"\n\"current-context\": \"cluster.local\"\n\"kind\": \"Config\"\n\"preferences\": {}\n\"users\":\n- \"name\": \"master-user\"\n  \"user\":\n    \"client-certificate-data\": \"LS0tLS1CRUdJTiBDRVJUSUZJQ0FURS0tLS0tCk1JSUI0RENDQVdlZ0F3SUJBZ0lRY2c0Z3pYQStxT1p4dnJjTk1hZE52VEFLQmdncWhrak9QUVFEQXpBZk1SMHcKR3dZRFZRUURFeFJyZFdKbGNtNWxkR1Z6TFdOc2FXVnVkQzFqWVRBZ0Z3MHlOREV5TURjd01ESTVNekJhR0E4eQpNVEkwTVRJd09EQXdNamt6TUZvd0x6RVhNQlVHQTFVRUNoTU9jM2x6ZEdWdE9tMWhjM1JsY25NeEZEQVNCZ05WCkJBTVRDMjFoYzNSbGNpMTFjMlZ5TUhZd0VBWUhLb1pJemowQ0FRWUZLNEVFQUNJRFlnQUU0bjJpQ0RjNkgyZTYKblprQ2pKUEI5ai9PeEQ0b3FPQmM2KzM4TVdHcDFLTkNPZCtVVUNsVHdKTXdJNHhBMTR5Zys5VnNqNklrdWNWdAoxd2pwSUEzbzdmeWZMTDJzU0FKaDI4Qi9jL0JiR21kc1Zsd2RkVmVFUm0rdVhaeEF0Ylh3bzFZd1ZEQU9CZ05WCkhROEJBZjhFQkFNQ0JhQXdFd1lEVlIwbEJBd3dDZ1lJS3dZQkJRVUhBd0l3REFZRFZSMFRBUUgvQkFJd0FEQWYKQmdOVkhTTUVHREFXZ0JRR1hLbHROc0h5dS9mbHdYQ2hybkVadzUybFp6QUtCZ2dxaGtqT1BRUURBd05uQURCawpBakJzOTFYdjZTZW9OcmZxQVpCUnpBUkd4OFFnN0l5Y2s2NHlLUEpGZmFtZjBZNk8rT2lOWW1JbFJvRzc1U2VOCjVHQUNNQ29ZQzdaS0hQZnZ4dDFKcVpIc1NWRitYU3k5YlV4Yi9NYXIxbG1UdTdaYzRjK2VoZXhIMnRITHJ3WTEKcHp6bHBnPT0KLS0tLS1FTkQgQ0VSVElGSUNBVEUtLS0tLQo=\"\n    \"client-key-data\": \"LS0tLS1CRUdJTiBFQyBQUklWQVRFIEtFWS0tLS0tCk1JR2tBZ0VCQkREbm5LRm1NbFM0VUMxQWY3UG11QUtnNDJQL2V4RHBmMEZDYllCeEg2Mnd5K2k2R3d5ZkEvSTQKOUN0NExJblJxbGFnQndZRks0RUVBQ0toWkFOaUFBVGlmYUlJTnpvZlo3cWRtUUtNazhIMlA4N0VQaWlvNEZ6cgo3Znd4WWFuVW8wSTUzNVJRS1ZQQWt6QWpqRURYaktENzFXeVBvaVM1eFczWENPa2dEZWp0L0o4c3ZheElBbUhiCndIOXo4RnNhWjJ4V1hCMTFWNFJHYjY1ZG5FQzF0ZkE9Ci0tLS0tRU5EIEVDIFBSSVZBVEUgS0VZLS0tLS0K\"\n",
            "content_base64": null,
            "content_base64sha256": "pEjJhgp3lcm3AHwOVO/Od7ZwgmrdUitfGsvs0z54XrE=",
            "content_base64sha512": "INjRftCtXqPwx+6RfCLcfFfGK/nXsm0JBCXSO+TY/lsMN4ywmzAY5WsUyVoMLr3usUjdth0YgWViBmWSxg5/2g==",
            "content_md5": "9be9437db21207f63a49c8ed80e76d47",
            "content_sha1": "66265c1c26baa69c840d5a1949b989739c7df93b",
            "content_sha256": "a448c9860a7795c9b7007c0e54efce77b670826add522b5f1acbecd33e785eb1",
            "content_sha512": "20d8d17ed0ad5ea3f0c7ee917c22dc7c57c62bf9d7b26d090425d23be4d8fe5b0c378cb09b3018e56b14c95a0c2ebdeeb148ddb61d18816562066592c60e7fda",
            "directory_permission": "0777",
            "file_permission": "0777",
            "filename": "./config.yaml",
            "id": "66265c1c26baa69c840d5a1949b989739c7df93b",
            "sensitive_content": null,
            "source": null
          },
          "sensitive_attributes": [
            [
              {
                "type": "get_attr",
                "value": "content"
              }
            ],
            [
              {
                "type": "get_attr",
                "value": "sensitive_content"
              }
            ]
          ],
          "dependencies": [
            "module.cvm.data.tencentcloud_availability_zones_by_product.default",
            "module.cvm.data.tencentcloud_images.default",
            "module.cvm.data.tencentcloud_instance_types.default",
            "module.cvm.tencentcloud_instance.ubuntu",
            "module.k3s.module.k3s.tls_cert_request.master_user",
            "module.k3s.module.k3s.tls_locally_signed_cert.master_user",
            "module.k3s.module.k3s.tls_private_key.kubernetes_ca",
            "module.k3s.module.k3s.tls_private_key.master_user",
            "module.k3s.module.k3s.tls_self_signed_cert.kubernetes_ca_certs",
            "module.vpc.tencentcloud_security_group.sg",
            "module.vpc.tencentcloud_subnet.subnet",
            "module.vpc.tencentcloud_vpc.vpc"
          ]
        }
      ]
    },
    {
      "mode": "managed",
      "type": "local_file",
      "name": "kubeconfig1",
      "provider": "provider[\"registry.terraform.io/hashicorp/local\"]",
      "instances": [
        {
          "schema_version": 0,
          "attributes": {
            "content": "\"apiVersion\": \"v1\"\n\"clusters\":\n- \"cluster\":\n    \"certificate-authority-data\": \"LS0tLS1CRUdJTiBDRVJUSUZJQ0FURS0tLS0tCk1JSUJ2VENDQVVTZ0F3SUJBZ0lSQU9SRTAxa0ZuSW1hSCtORmVEcFB4MUF3Q2dZSUtvWkl6ajBFQXdNd0h6RWQKTUJzR0ExVUVBeE1VYTNWaVpYSnVaWFJsY3kxelpYSjJaWEl0WTJFd0lCY05NalF4TWpBM01EQXlPVFF3V2hnUApNakV5TkRFeU1EZ3dNREk1TkRCYU1COHhIVEFiQmdOVkJBTVRGR3QxWW1WeWJtVjBaWE10YzJWeWRtVnlMV05oCk1IWXdFQVlIS29aSXpqMENBUVlGSzRFRUFDSURZZ0FFTCs3Ti9NZk5ZUUV5Q1FhYU9MalNaa3J3LzFsdUFUZzAKSkJkOUVkTGgxN3BKODcwYVpNdXZGWXEzVll6K2ZZc2tZVDM1aGx5dTFzMTNSS3A0NTExekJRRzlJVzRLVHVELwpqSmNJYnk3SUZMMThQSEdBV2tZZlgvcXBMMHRyNXp5Sm8wSXdRREFPQmdOVkhROEJBZjhFQkFNQ0FxUXdEd1lEClZSMFRBUUgvQkFVd0F3RUIvekFkQmdOVkhRNEVGZ1FVV0l5Nysybk5TU2FJZ1kvRnFrSUVyaTN6NXBnd0NnWUkKS29aSXpqMEVBd01EWndBd1pBSXdlN0ovRW4zbXpKTXhkYlJvQzh3RlNKZmttQWU1QnFpeFJOb1EzaWp4ZGludgpscnFuRlhxTUp0eEZCUWxhOVQ4WEFqQVNzUkZpM1BKNFBjRzBXZzBNNDRPb29sVGdpYXNHbXovZ2tRN2lJYWxFCjNVRkMrQk1ZcUxDOWhlcEtVbGhDVzJRPQotLS0tLUVORCBDRVJUSUZJQ0FURS0tLS0tCg==\"\n    \"server\": \"https://43.154.143.154:6443\"\n  \"name\": \"cluster.local\"\n\"contexts\":\n- \"context\":\n    \"cluster\": \"cluster.local\"\n    \"user\": \"master-user\"\n  \"name\": \"cluster.local\"\n\"current-context\": \"cluster.local\"\n\"kind\": \"Config\"\n\"preferences\": {}\n\"users\":\n- \"name\": \"master-user\"\n  \"user\":\n    \"client-certificate-data\": \"LS0tLS1CRUdJTiBDRVJUSUZJQ0FURS0tLS0tCk1JSUI0ekNDQVdpZ0F3SUJBZ0lSQUxWTktFRkg1MVpWYS9XZ08rNGNVSWd3Q2dZSUtvWkl6ajBFQXdNd0h6RWQKTUJzR0ExVUVBeE1VYTNWaVpYSnVaWFJsY3kxamJHbGxiblF0WTJFd0lCY05NalF4TWpBM01EQXlPVFV3V2hnUApNakV5TkRFeU1EZ3dNREk1TlRCYU1DOHhGekFWQmdOVkJBb1REbk41YzNSbGJUcHRZWE4wWlhKek1SUXdFZ1lEClZRUURFd3R0WVhOMFpYSXRkWE5sY2pCMk1CQUdCeXFHU000OUFnRUdCU3VCQkFBaUEySUFCTXB1Vi90a1RsNHIKU0lXL0t3NGpteDV2QW1SU1JWekp3R09Pa2lBSGV1c1RmUGVEOTY4Q0ZoQzcxdkpRaHFEbDhHZVRnQ0sxRVRxQwpmTmExdHBKeHJqNTBMYmpuQTRNWFlKeGh5TWY5UU9YdEpCMnViRVV3T2NiWUxVaXplSUh2RDZOV01GUXdEZ1lEClZSMFBBUUgvQkFRREFnV2dNQk1HQTFVZEpRUU1NQW9HQ0NzR0FRVUZCd01DTUF3R0ExVWRFd0VCL3dRQ01BQXcKSHdZRFZSMGpCQmd3Rm9BVU0xOUs4U0hVb0JWZzNuRitDTHo2QVFiM1NLTXdDZ1lJS29aSXpqMEVBd01EYVFBdwpaZ0l4QUlYb1dReDl2bjkzNUM4dnQ0QXk4OHlqWU9kcHJtSzkrUXUwL1MyUE9VZGNtOENHZnZnaC9tUEVPMFJnCk92ZmJid0l4QU4rdG1SZ1dGQXY0YVNmWTdValRHbzdKclRRdmkvdVNwNUhhRldQRkdGcnRFcndCcFdWaTZoZ1oKOGlRNGFlZ096UT09Ci0tLS0tRU5EIENFUlRJRklDQVRFLS0tLS0K\"\n    \"client-key-data\": \"LS0tLS1CRUdJTiBFQyBQUklWQVRFIEtFWS0tLS0tCk1JR2tBZ0VCQkREcWZaeU1MUFdvMkpTNVFER0h1YnZiTkd1Q1FoZUdVTmUvYjlWT0lSZGpCOWwyOUtDNFc1ZkYKVG4vZTVhRnh0QStnQndZRks0RUVBQ0toWkFOaUFBVEtibGY3WkU1ZUswaUZ2eXNPSTVzZWJ3SmtVa1ZjeWNCagpqcElnQjNyckUzejNnL2V2QWhZUXU5YnlVSWFnNWZCbms0QWl0UkU2Z256V3RiYVNjYTQrZEMyNDV3T0RGMkNjClljakgvVURsN1NRZHJteEZNRG5HMkMxSXMzaUI3dzg9Ci0tLS0tRU5EIEVDIFBSSVZBVEUgS0VZLS0tLS0K\"\n",
            "content_base64": null,
            "content_base64sha256": "pkT67XYiXLxwHwo0wwquagVavC1nD5WZ0+N6LjM5jRA=",
            "content_base64sha512": "1jN8zfG1C7gwznJW/gJBr71XLzWQowd9I6fGAbZxJt8hMbd1q5vcnEisz66hN8tRRpZplSw3nUvYF/VDpiI02Q==",
            "content_md5": "dc666cfc708ccb908d66c7420cb882f7",
            "content_sha1": "2550903c6c790f16a4dfa34c12171fefc783ac21",
            "content_sha256": "a644faed76225cbc701f0a34c30aae6a055abc2d670f9599d3e37a2e33398d10",
            "content_sha512": "d6337ccdf1b50bb830ce7256fe0241afbd572f3590a3077d23a7c601b67126df2131b775ab9bdc9c48accfaea137cb51469669952c379d4bd817f543a62234d9",
            "directory_permission": "0777",
            "file_permission": "0777",
            "filename": "./config1.yaml",
            "id": "2550903c6c790f16a4dfa34c12171fefc783ac21",
            "sensitive_content": null,
            "source": null
          },
          "sensitive_attributes": [
            [
              {
                "type": "get_attr",
                "value": "sensitive_content"
              }
            ],
            [
              {
                "type": "get_attr",
                "value": "content"
              }
            ]
          ],
          "dependencies": [
            "module.cvm1.data.tencentcloud_availability_zones_by_product.default",
            "module.cvm1.data.tencentcloud_images.default",
            "module.cvm1.data.tencentcloud_instance_types.default",
            "module.cvm1.tencentcloud_instance.ubuntu",
            "module.k3s1.module.k3s.tls_cert_request.master_user",
            "module.k3s1.module.k3s.tls_locally_signed_cert.master_user",
            "module.k3s1.module.k3s.tls_private_key.kubernetes_ca",
            "module.k3s1.module.k3s.tls_private_key.master_user",
            "module.k3s1.module.k3s.tls_self_signed_cert.kubernetes_ca_certs",
            "module.vpc.tencentcloud_security_group.sg",
            "module.vpc.tencentcloud_subnet.subnet",
            "module.vpc.tencentcloud_vpc.vpc"
          ]
        }
      ]
    },
    {
      "mode": "managed",
      "type": "local_file",
      "name": "kubeconfig2",
      "provider": "provider[\"registry.terraform.io/hashicorp/local\"]",
      "instances": [
        {
          "schema_version": 0,
          "attributes": {
            "content": "\"apiVersion\": \"v1\"\n\"clusters\":\n- \"cluster\":\n    \"certificate-authority-data\": \"LS0tLS1CRUdJTiBDRVJUSUZJQ0FURS0tLS0tCk1JSUJ2VENDQVVTZ0F3SUJBZ0lSQUxuVVN0OWxlL2F0dGtMMDI5cDhmaGd3Q2dZSUtvWkl6ajBFQXdNd0h6RWQKTUJzR0ExVUVBeE1VYTNWaVpYSnVaWFJsY3kxelpYSjJaWEl0WTJFd0lCY05NalF4TWpBM01EQXlPVFV3V2hnUApNakV5TkRFeU1EZ3dNREk1TlRCYU1COHhIVEFiQmdOVkJBTVRGR3QxWW1WeWJtVjBaWE10YzJWeWRtVnlMV05oCk1IWXdFQVlIS29aSXpqMENBUVlGSzRFRUFDSURZZ0FFTlZkazArRFlZQzFBbEZhRW9oWDg2NjdtN3g4eE54WUYKSlJXQmcxSmloYnVuTGtyQy8vSDBvVXlObUF2Y0gxRk56ZnF6dHFFeW02L2R4NURWS0tLMVk1M0lhOTBSajRZNAovT0g1V0EwbDE0OS9TQk1LNWxyS3d0MWpscXlCNHpHdG8wSXdRREFPQmdOVkhROEJBZjhFQkFNQ0FxUXdEd1lEClZSMFRBUUgvQkFVd0F3RUIvekFkQmdOVkhRNEVGZ1FVS2RyOGQ5MUdya09qMWdhU1R1WW1OWElMNVJRd0NnWUkKS29aSXpqMEVBd01EWndBd1pBSXdEbmxWazZuM3p1ZnVsZUlZU0ZWbUdkMTEveUg5elVSUmdmK2xFM3kyOU43SApCNTdVcHEzQnRDeWt5U0RVZU0zdUFqQTJSMzg1VmdKTUw5VlEyQlUreHpmVlVLSTJBU3lWNlBMN0VYL2dLWEgrCnIxVm1HZ3FxalB6WEZTN1c2UE1PWUVrPQotLS0tLUVORCBDRVJUSUZJQ0FURS0tLS0tCg==\"\n    \"server\": \"https://43.135.92.229:6443\"\n  \"name\": \"cluster.local\"\n\"contexts\":\n- \"context\":\n    \"cluster\": \"cluster.local\"\n    \"user\": \"master-user\"\n  \"name\": \"cluster.local\"\n\"current-context\": \"cluster.local\"\n\"kind\": \"Config\"\n\"preferences\": {}\n\"users\":\n- \"name\": \"master-user\"\n  \"user\":\n    \"client-certificate-data\": \"LS0tLS1CRUdJTiBDRVJUSUZJQ0FURS0tLS0tCk1JSUI0akNDQVdpZ0F3SUJBZ0lSQVBDOTVldW0vMWs3UHhrQUMvSUk4aFV3Q2dZSUtvWkl6ajBFQXdNd0h6RWQKTUJzR0ExVUVBeE1VYTNWaVpYSnVaWFJsY3kxamJHbGxiblF0WTJFd0lCY05NalF4TWpBM01EQXlPVFV3V2hnUApNakV5TkRFeU1EZ3dNREk1TlRCYU1DOHhGekFWQmdOVkJBb1REbk41YzNSbGJUcHRZWE4wWlhKek1SUXdFZ1lEClZRUURFd3R0WVhOMFpYSXRkWE5sY2pCMk1CQUdCeXFHU000OUFnRUdCU3VCQkFBaUEySUFCUDh5bFVuRXJEZ0IKb0pEaHhGUFFiaDc3VnJaMHJLanEzdTljekRqQjlUY0k1ak5FNit6SjZLcFN3NEZIYUQ3MFFubHMzOXBSMnhJQwpHMDc0TXN4a2JUKzJsK2JnM0hHVWNFQ1RJemEzTDhXOERXTHk1U3cwOVJ5cmkrZkxEUnRENnFOV01GUXdEZ1lEClZSMFBBUUgvQkFRREFnV2dNQk1HQTFVZEpRUU1NQW9HQ0NzR0FRVUZCd01DTUF3R0ExVWRFd0VCL3dRQ01BQXcKSHdZRFZSMGpCQmd3Rm9BVUdHQmkyeUVDbVR0TENCQkhRSHVOL3RXVG9TNHdDZ1lJS29aSXpqMEVBd01EYUFBdwpaUUl4QU9tNzhJUHQvQmt1aEgvNjNHZUJTMU9KQkJjUDJUMmpMK09zRUhsdjRydFJtL1J0ZmE4K21wbDJYMjRMCld6NDhyZ0l3TmplUzdmQmd1YzB2U2Rra2JUUGRCMGV2d3RrSVVCa21EUWRoYm5temlEYzhIN1hsZHBHMElLQ1IKWUM4QXV4OUEKLS0tLS1FTkQgQ0VSVElGSUNBVEUtLS0tLQo=\"\n    \"client-key-data\": \"LS0tLS1CRUdJTiBFQyBQUklWQVRFIEtFWS0tLS0tCk1JR2tBZ0VCQkRCUUpCL3o2VWttbDlWbDYrQjNTTnpSKzRnL1hTb2dzbnYwcERaaFJmcEFPNk4zUmVYcXlmVTMKRDRHNmpVaTg5eGlnQndZRks0RUVBQ0toWkFOaUFBVC9NcFZKeEt3NEFhQ1E0Y1JUMEc0ZSsxYTJkS3lvNnQ3dgpYTXc0d2ZVM0NPWXpST3ZzeWVpcVVzT0JSMmcrOUVKNWJOL2FVZHNTQWh0TytETE1aRzAvdHBmbTROeHhsSEJBCmt5TTJ0eS9GdkExaTh1VXNOUFVjcTR2bnl3MGJRK289Ci0tLS0tRU5EIEVDIFBSSVZBVEUgS0VZLS0tLS0K\"\n",
            "content_base64": null,
            "content_base64sha256": "UmmnHWmGkAHg7j+4aaFmjD1ulsBFu3Bco6zPZD5Srtg=",
            "content_base64sha512": "5yfDyvBaD46M5ysP8UaRZ24QozQOY6Bsd01e2ATVR3TiCBESDW8HiqphRVuwYy6QSSLZZ6fJIFX/jG3lTAySZA==",
            "content_md5": "9e0b530142d6e6237134375ad73743de",
            "content_sha1": "c8184efb8386c29b096b8a5fb4d848f3df052459",
            "content_sha256": "5269a71d69869001e0ee3fb869a1668c3d6e96c045bb705ca3accf643e52aed8",
            "content_sha512": "e727c3caf05a0f8e8ce72b0ff14691676e10a3340e63a06c774d5ed804d54774e20811120d6f078aaa61455bb0632e904922d967a7c92055ff8c6de54c0c9264",
            "directory_permission": "0777",
            "file_permission": "0777",
            "filename": "./config2.yaml",
            "id": "c8184efb8386c29b096b8a5fb4d848f3df052459",
            "sensitive_content": null,
            "source": null
          },
          "sensitive_attributes": [
            [
              {
                "type": "get_attr",
                "value": "sensitive_content"
              }
            ],
            [
              {
                "type": "get_attr",
                "value": "content"
              }
            ]
          ],
          "dependencies": [
            "module.cvm2.data.tencentcloud_availability_zones_by_product.default",
            "module.cvm2.data.tencentcloud_images.default",
            "module.cvm2.data.tencentcloud_instance_types.default",
            "module.cvm2.tencentcloud_instance.ubuntu",
            "module.k3s2.module.k3s.tls_cert_request.master_user",
            "module.k3s2.module.k3s.tls_locally_signed_cert.master_user",
            "module.k3s2.module.k3s.tls_private_key.kubernetes_ca",
            "module.k3s2.module.k3s.tls_private_key.master_user",
            "module.k3s2.module.k3s.tls_self_signed_cert.kubernetes_ca_certs",
            "module.vpc.tencentcloud_security_group.sg",
            "module.vpc.tencentcloud_subnet.subnet",
            "module.vpc.tencentcloud_vpc.vpc"
          ]
        }
      ]
    },
    {
      "module": "module.cvm",
      "mode": "data",
      "type": "tencentcloud_availability_zones_by_product",
      "name": "default",
      "provider": "module.cvm.provider[\"registry.terraform.io/tencentcloudstack/tencentcloud\"]",
      "instances": [
        {
          "schema_version": 0,
          "attributes": {
            "id": "1851109860",
            "include_unavailable": null,
            "name": null,
            "product": "cvm",
            "result_output_file": null,
            "zones": [
              {
                "description": "Hong Kong Zone 2",
                "id": "300002",
                "name": "ap-hongkong-2",
                "state": "AVAILABLE"
              },
              {
                "description": "Hong Kong Zone 3",
                "id": "300003",
                "name": "ap-hongkong-3",
                "state": "AVAILABLE"
              }
            ]
          },
          "sensitive_attributes": []
        }
      ]
    },
    {
      "module": "module.cvm",
      "mode": "data",
      "type": "tencentcloud_images",
      "name": "default",
      "provider": "module.cvm.provider[\"registry.terraform.io/tencentcloudstack/tencentcloud\"]",
      "instances": [
        {
          "schema_version": 0,
          "attributes": {
            "id": "3943428822",
            "image_id": null,
            "image_name_regex": null,
            "image_type": [
              "PUBLIC_IMAGE"
            ],
            "images": [
              {
                "architecture": "x86_64",
                "created_time": "",
                "image_creator": "",
                "image_description": "Ubuntu Server 22.04 LTS 64bit",
                "image_id": "img-487zeit5",
                "image_name": "Ubuntu Server 22.04 LTS 64bit",
                "image_size": 20,
                "image_source": "OFFICIAL",
                "image_state": "NORMAL",
                "image_type": "PUBLIC_IMAGE",
                "os_name": "Ubuntu Server 22.04 LTS 64bit",
                "platform": "Ubuntu",
                "snapshots": [],
                "support_cloud_init": true,
                "sync_percent": 0
              },
              {
                "architecture": "x86_64",
                "created_time": "",
                "image_creator": "",
                "image_description": "Ubuntu Server 24.04 LTS 64bit",
                "image_id": "img-mmytdhbn",
                "image_name": "Ubuntu Server 24.04 LTS 64bit",
                "image_size": 20,
                "image_source": "OFFICIAL",
                "image_state": "NORMAL",
                "image_type": "PUBLIC_IMAGE",
                "os_name": "Ubuntu Server 24.04 LTS 64bit",
                "platform": "Ubuntu",
                "snapshots": [],
                "support_cloud_init": true,
                "sync_percent": 0
              },
              {
                "architecture": "x86_64",
                "created_time": "",
                "image_creator": "",
                "image_description": "Ubuntu Server 22.04 LTS 64bit GRID16.2",
                "image_id": "img-fipweiwz",
                "image_name": "Ubuntu Server 22.04 LTS 64bit GRID16.2",
                "image_size": 20,
                "image_source": "OFFICIAL",
                "image_state": "NORMAL",
                "image_type": "PUBLIC_IMAGE",
                "os_name": "Ubuntu Server 22.04 LTS 64bit GRID16.2",
                "platform": "Ubuntu",
                "snapshots": [],
                "support_cloud_init": true,
                "sync_percent": 0
              },
              {
                "architecture": "x86_64",
                "created_time": "",
                "image_creator": "",
                "image_description": "Ubuntu Server 20.04 LTS 64bit",
                "image_id": "img-22trbn9x",
                "image_name": "Ubuntu Server 20.04 LTS 64bit",
                "image_size": 20,
                "image_source": "OFFICIAL",
                "image_state": "NORMAL",
                "image_type": "PUBLIC_IMAGE",
                "os_name": "Ubuntu Server 20.04 LTS 64bit",
                "platform": "Ubuntu",
                "snapshots": [],
                "support_cloud_init": true,
                "sync_percent": 0
              },
              {
                "architecture": "x86_64",
                "created_time": "",
                "image_creator": "",
                "image_description": "Ubuntu Server 20.04 LTS 64bit GRID16.2",
                "image_id": "img-rx55p5nv",
                "image_name": "Ubuntu Server 20.04 LTS 64bit GRID16.2",
                "image_size": 20,
                "image_source": "OFFICIAL",
                "image_state": "NORMAL",
                "image_type": "PUBLIC_IMAGE",
                "os_name": "Ubuntu Server 20.04 LTS 64bit GRID16.2",
                "platform": "Ubuntu",
                "snapshots": [],
                "support_cloud_init": true,
                "sync_percent": 0
              },
              {
                "architecture": "x86_64",
                "created_time": "",
                "image_creator": "",
                "image_description": "Ubuntu Server 20.04 LTS 64bit GRID11.1",
                "image_id": "img-j10l2cnz",
                "image_name": "Ubuntu Server 20.04 LTS 64bit GRID11.1",
                "image_size": 20,
                "image_source": "OFFICIAL",
                "image_state": "NORMAL",
                "image_type": "PUBLIC_IMAGE",
                "os_name": "Ubuntu Server 20.04 LTS 64bit GRID11.1",
                "platform": "Ubuntu",
                "snapshots": [],
                "support_cloud_init": true,
                "sync_percent": 0
              },
              {
                "architecture": "arm",
                "created_time": "",
                "image_creator": "",
                "image_description": "Ubuntu 20.04(arm64)",
                "image_id": "img-2eokmhf5",
                "image_name": "Ubuntu 20.04(arm64)",
                "image_size": 20,
                "image_source": "OFFICIAL",
                "image_state": "NORMAL",
                "image_type": "PUBLIC_IMAGE",
                "os_name": "Ubuntu 20.04(arm64)",
                "platform": "Ubuntu",
                "snapshots": [],
                "support_cloud_init": true,
                "sync_percent": 0
              },
              {
                "architecture": "x86_64",
                "created_time": "",
                "image_creator": "",
                "image_description": "Ubuntu Server 18.04 LTS 64bit",
                "image_id": "img-pi0ii46r",
                "image_name": "Ubuntu Server 18.04 LTS 64bit",
                "image_size": 20,
                "image_source": "OFFICIAL",
                "image_state": "NORMAL",
                "image_type": "PUBLIC_IMAGE",
                "os_name": "Ubuntu Server 18.04 LTS 64bit",
                "platform": "Ubuntu",
                "snapshots": [],
                "support_cloud_init": true,
                "sync_percent": 0
              },
              {
                "architecture": "arm",
                "created_time": "",
                "image_creator": "",
                "image_description": "Ubuntu 18.04(arm64)",
                "image_id": "img-9eh8c1p1",
                "image_name": "Ubuntu 18.04(arm64)",
                "image_size": 20,
                "image_source": "OFFICIAL",
                "image_state": "NORMAL",
                "image_type": "PUBLIC_IMAGE",
                "os_name": "Ubuntu 18.04(arm64)",
                "platform": "Ubuntu",
                "snapshots": [],
                "support_cloud_init": true,
                "sync_percent": 0
              },
              {
                "architecture": "x86_64",
                "created_time": "",
                "image_creator": "",
                "image_description": "Ubuntu Server 16.04 LTS 64bit",
                "image_id": "img-pyqx34y1",
                "image_name": "Ubuntu Server 16.04 LTS 64bit",
                "image_size": 20,
                "image_source": "OFFICIAL",
                "image_state": "NORMAL",
                "image_type": "PUBLIC_IMAGE",
                "os_name": "Ubuntu Server 16.04 LTS 64bit",
                "platform": "Ubuntu",
                "snapshots": [],
                "support_cloud_init": true,
                "sync_percent": 0
              },
              {
                "architecture": "i386",
                "created_time": "",
                "image_creator": "",
                "image_description": "Ubuntu Server 16.04 LTS 32bit",
                "image_id": "img-8u6dn6p1",
                "image_name": "Ubuntu Server 16.04 LTS 32bit",
                "image_size": 20,
                "image_source": "OFFICIAL",
                "image_state": "NORMAL",
                "image_type": "PUBLIC_IMAGE",
                "os_name": "Ubuntu Server 16.04 LTS 32bit",
                "platform": "Ubuntu",
                "snapshots": [],
                "support_cloud_init": true,
                "sync_percent": 0
              },
              {
                "architecture": "x86_64",
                "created_time": "",
                "image_creator": "",
                "image_description": "Ubuntu Server 14.04 LTS 64bit",
                "image_id": "img-3wnd9xpl",
                "image_name": "Ubuntu Server 14.04 LTS 64bit",
                "image_size": 20,
                "image_source": "OFFICIAL",
                "image_state": "NORMAL",
                "image_type": "PUBLIC_IMAGE",
                "os_name": "Ubuntu Server 14.04 LTS 64bit",
                "platform": "Ubuntu",
                "snapshots": [],
                "support_cloud_init": true,
                "sync_percent": 0
              },
              {
                "architecture": "i386",
                "created_time": "",
                "image_creator": "",
                "image_description": "Ubuntu Server 14.04 LTS 32bit",
                "image_id": "img-qpxvpujt",
                "image_name": "Ubuntu Server 14.04 LTS 32bit",
                "image_size": 50,
                "image_source": "OFFICIAL",
                "image_state": "NORMAL",
                "image_type": "PUBLIC_IMAGE",
                "os_name": "Ubuntu Server 14.04 LTS 32bit",
                "platform": "Ubuntu",
                "snapshots": [],
                "support_cloud_init": false,
                "sync_percent": 0
              },
              {
                "architecture": "x86_64",
                "created_time": "",
                "image_creator": "",
                "image_description": "Ubuntu Server 22.04 LTS 64bit UEFI版",
                "image_id": "img-7rotv4ux",
                "image_name": "Ubuntu Server 22.04 LTS 64bit UEFI版",
                "image_size": 20,
                "image_source": "OFFICIAL",
                "image_state": "NORMAL",
                "image_type": "PUBLIC_IMAGE",
                "os_name": "Ubuntu Server 22.04 LTS 64bit UEFI版",
                "platform": "Ubuntu",
                "snapshots": [],
                "support_cloud_init": true,
                "sync_percent": 0
              }
            ],
            "instance_type": null,
            "os_name": "ubuntu",
            "result_output_file": null
          },
          "sensitive_attributes": []
        }
      ]
    },
    {
      "module": "module.cvm",
      "mode": "data",
      "type": "tencentcloud_instance_types",
      "name": "default",
      "provider": "module.cvm.provider[\"registry.terraform.io/tencentcloudstack/tencentcloud\"]",
      "instances": [
        {
          "schema_version": 0,
          "attributes": {
            "availability_zone": null,
            "cpu_core_count": 4,
            "exclude_sold_out": false,
            "filter": [
              {
                "name": "instance-family",
                "values": [
                  "S5"
                ]
              },
              {
                "name": "zone",
                "values": [
                  "ap-hongkong-2"
                ]
              }
            ],
            "gpu_core_count": null,
            "id": "1950780053",
            "instance_types": [
              {
                "availability_zone": "ap-hongkong-2",
                "cpu_core_count": 4,
                "family": "S5",
                "gpu_core_count": 0,
                "instance_charge_type": "PREPAID",
                "instance_type": "S5.LARGE8",
                "memory_size": 8,
                "status": "SELL"
              },
              {
                "availability_zone": "ap-hongkong-2",
                "cpu_core_count": 4,
                "family": "S5",
                "gpu_core_count": 0,
                "instance_charge_type": "POSTPAID_BY_HOUR",
                "instance_type": "S5.LARGE8",
                "memory_size": 8,
                "status": "SELL"
              },
              {
                "availability_zone": "ap-hongkong-2",
                "cpu_core_count": 4,
                "family": "S5",
                "gpu_core_count": 0,
                "instance_charge_type": "SPOTPAID",
                "instance_type": "S5.LARGE8",
                "memory_size": 8,
                "status": "SELL"
              }
            ],
            "memory_size": 8,
            "result_output_file": null
          },
          "sensitive_attributes": []
        }
      ]
    },
    {
      "module": "module.cvm",
      "mode": "managed",
      "type": "tencentcloud_instance",
      "name": "ubuntu",
      "provider": "module.cvm.provider[\"registry.terraform.io/tencentcloudstack/tencentcloud\"]",
      "instances": [
        {
          "index_key": 0,
          "schema_version": 0,
          "attributes": {
            "allocate_public_ip": true,
            "availability_zone": "ap-hongkong-2",
            "bandwidth_package_id": null,
            "cam_role_name": "",
            "cdh_host_id": null,
            "cdh_instance_type": null,
            "cpu": 4,
            "create_time": "2024-12-07T00:29:25Z",
            "data_disks": [],
            "dedicated_cluster_id": "",
            "disable_api_termination": false,
            "disable_automation_service": false,
            "disable_monitor_service": false,
            "disable_security_service": false,
            "expired_time": "",
            "force_delete": false,
            "hostname": "tf-cvm-0",
            "id": "ins-7crbnz2g",
            "image_id": "img-487zeit5",
            "instance_charge_type": "SPOTPAID",
            "instance_charge_type_prepaid_period": null,
            "instance_charge_type_prepaid_renew_flag": "",
            "instance_count": null,
            "instance_name": "tf-cvm-0",
            "instance_status": "RUNNING",
            "instance_type": "S5.LARGE8",
            "internet_charge_type": "TRAFFIC_POSTPAID_BY_HOUR",
            "internet_max_bandwidth_out": 100,
            "keep_image_login": null,
            "key_ids": [],
            "key_name": "",
            "memory": 8,
            "orderly_security_groups": [
              "sg-nh79fhzv"
            ],
            "os_name": "Ubuntu Server 22.04 LTS 64bit",
            "password": "qwe123ewq",
            "placement_group_id": null,
            "private_ip": "10.96.1.11",
            "project_id": 0,
            "public_ip": "43.135.40.99",
            "running_flag": true,
            "security_groups": [
              "sg-nh79fhzv"
            ],
            "spot_instance_type": null,
            "spot_max_price": null,
            "stopped_mode": null,
            "subnet_id": "subnet-fk50haw9",
            "system_disk_id": "disk-n2rwq1j6",
            "system_disk_resize_online": null,
            "system_disk_size": 100,
            "system_disk_type": "CLOUD_SSD",
            "tags": null,
            "timeouts": null,
            "user_data": null,
            "user_data_raw": null,
            "uuid": "7b1c4ba3-7176-4e56-b1a3-b2f749a96c20",
            "vpc_id": "vpc-494cddo8"
          },
          "sensitive_attributes": [
            [
              {
                "type": "get_attr",
                "value": "password"
              }
            ]
          ],
          "private": "eyJlMmJmYjczMC1lY2FhLTExZTYtOGY4OC0zNDM2M2JjN2M0YzAiOnsiY3JlYXRlIjo5MDAwMDAwMDAwMDB9fQ==",
          "dependencies": [
            "module.cvm.data.tencentcloud_images.default",
            "module.cvm.data.tencentcloud_instance_types.default",
            "module.vpc.tencentcloud_security_group.sg",
            "module.vpc.tencentcloud_subnet.subnet",
            "module.vpc.tencentcloud_vpc.vpc"
          ]
        }
      ]
    },
    {
      "module": "module.cvm1",
      "mode": "data",
      "type": "tencentcloud_availability_zones_by_product",
      "name": "default",
      "provider": "module.cvm1.provider[\"registry.terraform.io/tencentcloudstack/tencentcloud\"]",
      "instances": [
        {
          "schema_version": 0,
          "attributes": {
            "id": "1851109860",
            "include_unavailable": null,
            "name": null,
            "product": "cvm",
            "result_output_file": null,
            "zones": [
              {
                "description": "Hong Kong Zone 2",
                "id": "300002",
                "name": "ap-hongkong-2",
                "state": "AVAILABLE"
              },
              {
                "description": "Hong Kong Zone 3",
                "id": "300003",
                "name": "ap-hongkong-3",
                "state": "AVAILABLE"
              }
            ]
          },
          "sensitive_attributes": []
        }
      ]
    },
    {
      "module": "module.cvm1",
      "mode": "data",
      "type": "tencentcloud_images",
      "name": "default",
      "provider": "module.cvm1.provider[\"registry.terraform.io/tencentcloudstack/tencentcloud\"]",
      "instances": [
        {
          "schema_version": 0,
          "attributes": {
            "id": "3943428822",
            "image_id": null,
            "image_name_regex": null,
            "image_type": [
              "PUBLIC_IMAGE"
            ],
            "images": [
              {
                "architecture": "x86_64",
                "created_time": "",
                "image_creator": "",
                "image_description": "Ubuntu Server 22.04 LTS 64bit",
                "image_id": "img-487zeit5",
                "image_name": "Ubuntu Server 22.04 LTS 64bit",
                "image_size": 20,
                "image_source": "OFFICIAL",
                "image_state": "NORMAL",
                "image_type": "PUBLIC_IMAGE",
                "os_name": "Ubuntu Server 22.04 LTS 64bit",
                "platform": "Ubuntu",
                "snapshots": [],
                "support_cloud_init": true,
                "sync_percent": 0
              },
              {
                "architecture": "x86_64",
                "created_time": "",
                "image_creator": "",
                "image_description": "Ubuntu Server 24.04 LTS 64bit",
                "image_id": "img-mmytdhbn",
                "image_name": "Ubuntu Server 24.04 LTS 64bit",
                "image_size": 20,
                "image_source": "OFFICIAL",
                "image_state": "NORMAL",
                "image_type": "PUBLIC_IMAGE",
                "os_name": "Ubuntu Server 24.04 LTS 64bit",
                "platform": "Ubuntu",
                "snapshots": [],
                "support_cloud_init": true,
                "sync_percent": 0
              },
              {
                "architecture": "x86_64",
                "created_time": "",
                "image_creator": "",
                "image_description": "Ubuntu Server 22.04 LTS 64bit GRID16.2",
                "image_id": "img-fipweiwz",
                "image_name": "Ubuntu Server 22.04 LTS 64bit GRID16.2",
                "image_size": 20,
                "image_source": "OFFICIAL",
                "image_state": "NORMAL",
                "image_type": "PUBLIC_IMAGE",
                "os_name": "Ubuntu Server 22.04 LTS 64bit GRID16.2",
                "platform": "Ubuntu",
                "snapshots": [],
                "support_cloud_init": true,
                "sync_percent": 0
              },
              {
                "architecture": "x86_64",
                "created_time": "",
                "image_creator": "",
                "image_description": "Ubuntu Server 20.04 LTS 64bit",
                "image_id": "img-22trbn9x",
                "image_name": "Ubuntu Server 20.04 LTS 64bit",
                "image_size": 20,
                "image_source": "OFFICIAL",
                "image_state": "NORMAL",
                "image_type": "PUBLIC_IMAGE",
                "os_name": "Ubuntu Server 20.04 LTS 64bit",
                "platform": "Ubuntu",
                "snapshots": [],
                "support_cloud_init": true,
                "sync_percent": 0
              },
              {
                "architecture": "x86_64",
                "created_time": "",
                "image_creator": "",
                "image_description": "Ubuntu Server 20.04 LTS 64bit GRID16.2",
                "image_id": "img-rx55p5nv",
                "image_name": "Ubuntu Server 20.04 LTS 64bit GRID16.2",
                "image_size": 20,
                "image_source": "OFFICIAL",
                "image_state": "NORMAL",
                "image_type": "PUBLIC_IMAGE",
                "os_name": "Ubuntu Server 20.04 LTS 64bit GRID16.2",
                "platform": "Ubuntu",
                "snapshots": [],
                "support_cloud_init": true,
                "sync_percent": 0
              },
              {
                "architecture": "x86_64",
                "created_time": "",
                "image_creator": "",
                "image_description": "Ubuntu Server 20.04 LTS 64bit GRID11.1",
                "image_id": "img-j10l2cnz",
                "image_name": "Ubuntu Server 20.04 LTS 64bit GRID11.1",
                "image_size": 20,
                "image_source": "OFFICIAL",
                "image_state": "NORMAL",
                "image_type": "PUBLIC_IMAGE",
                "os_name": "Ubuntu Server 20.04 LTS 64bit GRID11.1",
                "platform": "Ubuntu",
                "snapshots": [],
                "support_cloud_init": true,
                "sync_percent": 0
              },
              {
                "architecture": "arm",
                "created_time": "",
                "image_creator": "",
                "image_description": "Ubuntu 20.04(arm64)",
                "image_id": "img-2eokmhf5",
                "image_name": "Ubuntu 20.04(arm64)",
                "image_size": 20,
                "image_source": "OFFICIAL",
                "image_state": "NORMAL",
                "image_type": "PUBLIC_IMAGE",
                "os_name": "Ubuntu 20.04(arm64)",
                "platform": "Ubuntu",
                "snapshots": [],
                "support_cloud_init": true,
                "sync_percent": 0
              },
              {
                "architecture": "x86_64",
                "created_time": "",
                "image_creator": "",
                "image_description": "Ubuntu Server 18.04 LTS 64bit",
                "image_id": "img-pi0ii46r",
                "image_name": "Ubuntu Server 18.04 LTS 64bit",
                "image_size": 20,
                "image_source": "OFFICIAL",
                "image_state": "NORMAL",
                "image_type": "PUBLIC_IMAGE",
                "os_name": "Ubuntu Server 18.04 LTS 64bit",
                "platform": "Ubuntu",
                "snapshots": [],
                "support_cloud_init": true,
                "sync_percent": 0
              },
              {
                "architecture": "arm",
                "created_time": "",
                "image_creator": "",
                "image_description": "Ubuntu 18.04(arm64)",
                "image_id": "img-9eh8c1p1",
                "image_name": "Ubuntu 18.04(arm64)",
                "image_size": 20,
                "image_source": "OFFICIAL",
                "image_state": "NORMAL",
                "image_type": "PUBLIC_IMAGE",
                "os_name": "Ubuntu 18.04(arm64)",
                "platform": "Ubuntu",
                "snapshots": [],
                "support_cloud_init": true,
                "sync_percent": 0
              },
              {
                "architecture": "x86_64",
                "created_time": "",
                "image_creator": "",
                "image_description": "Ubuntu Server 16.04 LTS 64bit",
                "image_id": "img-pyqx34y1",
                "image_name": "Ubuntu Server 16.04 LTS 64bit",
                "image_size": 20,
                "image_source": "OFFICIAL",
                "image_state": "NORMAL",
                "image_type": "PUBLIC_IMAGE",
                "os_name": "Ubuntu Server 16.04 LTS 64bit",
                "platform": "Ubuntu",
                "snapshots": [],
                "support_cloud_init": true,
                "sync_percent": 0
              },
              {
                "architecture": "i386",
                "created_time": "",
                "image_creator": "",
                "image_description": "Ubuntu Server 16.04 LTS 32bit",
                "image_id": "img-8u6dn6p1",
                "image_name": "Ubuntu Server 16.04 LTS 32bit",
                "image_size": 20,
                "image_source": "OFFICIAL",
                "image_state": "NORMAL",
                "image_type": "PUBLIC_IMAGE",
                "os_name": "Ubuntu Server 16.04 LTS 32bit",
                "platform": "Ubuntu",
                "snapshots": [],
                "support_cloud_init": true,
                "sync_percent": 0
              },
              {
                "architecture": "x86_64",
                "created_time": "",
                "image_creator": "",
                "image_description": "Ubuntu Server 14.04 LTS 64bit",
                "image_id": "img-3wnd9xpl",
                "image_name": "Ubuntu Server 14.04 LTS 64bit",
                "image_size": 20,
                "image_source": "OFFICIAL",
                "image_state": "NORMAL",
                "image_type": "PUBLIC_IMAGE",
                "os_name": "Ubuntu Server 14.04 LTS 64bit",
                "platform": "Ubuntu",
                "snapshots": [],
                "support_cloud_init": true,
                "sync_percent": 0
              },
              {
                "architecture": "i386",
                "created_time": "",
                "image_creator": "",
                "image_description": "Ubuntu Server 14.04 LTS 32bit",
                "image_id": "img-qpxvpujt",
                "image_name": "Ubuntu Server 14.04 LTS 32bit",
                "image_size": 50,
                "image_source": "OFFICIAL",
                "image_state": "NORMAL",
                "image_type": "PUBLIC_IMAGE",
                "os_name": "Ubuntu Server 14.04 LTS 32bit",
                "platform": "Ubuntu",
                "snapshots": [],
                "support_cloud_init": false,
                "sync_percent": 0
              },
              {
                "architecture": "x86_64",
                "created_time": "",
                "image_creator": "",
                "image_description": "Ubuntu Server 22.04 LTS 64bit UEFI版",
                "image_id": "img-7rotv4ux",
                "image_name": "Ubuntu Server 22.04 LTS 64bit UEFI版",
                "image_size": 20,
                "image_source": "OFFICIAL",
                "image_state": "NORMAL",
                "image_type": "PUBLIC_IMAGE",
                "os_name": "Ubuntu Server 22.04 LTS 64bit UEFI版",
                "platform": "Ubuntu",
                "snapshots": [],
                "support_cloud_init": true,
                "sync_percent": 0
              }
            ],
            "instance_type": null,
            "os_name": "ubuntu",
            "result_output_file": null
          },
          "sensitive_attributes": []
        }
      ]
    },
    {
      "module": "module.cvm1",
      "mode": "data",
      "type": "tencentcloud_instance_types",
      "name": "default",
      "provider": "module.cvm1.provider[\"registry.terraform.io/tencentcloudstack/tencentcloud\"]",
      "instances": [
        {
          "schema_version": 0,
          "attributes": {
            "availability_zone": null,
            "cpu_core_count": 4,
            "exclude_sold_out": false,
            "filter": [
              {
                "name": "instance-family",
                "values": [
                  "S5"
                ]
              },
              {
                "name": "zone",
                "values": [
                  "ap-hongkong-2"
                ]
              }
            ],
            "gpu_core_count": null,
            "id": "1950780053",
            "instance_types": [
              {
                "availability_zone": "ap-hongkong-2",
                "cpu_core_count": 4,
                "family": "S5",
                "gpu_core_count": 0,
                "instance_charge_type": "PREPAID",
                "instance_type": "S5.LARGE8",
                "memory_size": 8,
                "status": "SELL"
              },
              {
                "availability_zone": "ap-hongkong-2",
                "cpu_core_count": 4,
                "family": "S5",
                "gpu_core_count": 0,
                "instance_charge_type": "POSTPAID_BY_HOUR",
                "instance_type": "S5.LARGE8",
                "memory_size": 8,
                "status": "SELL"
              },
              {
                "availability_zone": "ap-hongkong-2",
                "cpu_core_count": 4,
                "family": "S5",
                "gpu_core_count": 0,
                "instance_charge_type": "SPOTPAID",
                "instance_type": "S5.LARGE8",
                "memory_size": 8,
                "status": "SELL"
              }
            ],
            "memory_size": 8,
            "result_output_file": null
          },
          "sensitive_attributes": []
        }
      ]
    },
    {
      "module": "module.cvm1",
      "mode": "managed",
      "type": "tencentcloud_instance",
      "name": "ubuntu",
      "provider": "module.cvm1.provider[\"registry.terraform.io/tencentcloudstack/tencentcloud\"]",
      "instances": [
        {
          "index_key": 0,
          "schema_version": 0,
          "attributes": {
            "allocate_public_ip": true,
            "availability_zone": "ap-hongkong-2",
            "bandwidth_package_id": null,
            "cam_role_name": "",
            "cdh_host_id": null,
            "cdh_instance_type": null,
            "cpu": 4,
            "create_time": "2024-12-07T00:29:29Z",
            "data_disks": [],
            "dedicated_cluster_id": "",
            "disable_api_termination": false,
            "disable_automation_service": false,
            "disable_monitor_service": false,
            "disable_security_service": false,
            "expired_time": "",
            "force_delete": false,
            "hostname": "tf-cvm-0",
            "id": "ins-oceswlws",
            "image_id": "img-487zeit5",
            "instance_charge_type": "SPOTPAID",
            "instance_charge_type_prepaid_period": null,
            "instance_charge_type_prepaid_renew_flag": "",
            "instance_count": null,
            "instance_name": "tf-cvm-0",
            "instance_status": "RUNNING",
            "instance_type": "S5.LARGE8",
            "internet_charge_type": "TRAFFIC_POSTPAID_BY_HOUR",
            "internet_max_bandwidth_out": 100,
            "keep_image_login": null,
            "key_ids": [],
            "key_name": "",
            "memory": 8,
            "orderly_security_groups": [
              "sg-nh79fhzv"
            ],
            "os_name": "Ubuntu Server 22.04 LTS 64bit",
            "password": "qwe123ewq",
            "placement_group_id": null,
            "private_ip": "10.96.1.7",
            "project_id": 0,
            "public_ip": "43.154.143.154",
            "running_flag": true,
            "security_groups": [
              "sg-nh79fhzv"
            ],
            "spot_instance_type": null,
            "spot_max_price": null,
            "stopped_mode": null,
            "subnet_id": "subnet-fk50haw9",
            "system_disk_id": "disk-harp6e5i",
            "system_disk_resize_online": null,
            "system_disk_size": 100,
            "system_disk_type": "CLOUD_SSD",
            "tags": null,
            "timeouts": null,
            "user_data": null,
            "user_data_raw": null,
            "uuid": "724f8b2b-4ef1-46da-b6ed-b70b0daf086d",
            "vpc_id": "vpc-494cddo8"
          },
          "sensitive_attributes": [
            [
              {
                "type": "get_attr",
                "value": "password"
              }
            ]
          ],
          "private": "eyJlMmJmYjczMC1lY2FhLTExZTYtOGY4OC0zNDM2M2JjN2M0YzAiOnsiY3JlYXRlIjo5MDAwMDAwMDAwMDB9fQ==",
          "dependencies": [
            "module.cvm1.data.tencentcloud_images.default",
            "module.cvm1.data.tencentcloud_instance_types.default",
            "module.vpc.tencentcloud_security_group.sg",
            "module.vpc.tencentcloud_subnet.subnet",
            "module.vpc.tencentcloud_vpc.vpc"
          ]
        }
      ]
    },
    {
      "module": "module.cvm2",
      "mode": "data",
      "type": "tencentcloud_availability_zones_by_product",
      "name": "default",
      "provider": "module.cvm2.provider[\"registry.terraform.io/tencentcloudstack/tencentcloud\"]",
      "instances": [
        {
          "schema_version": 0,
          "attributes": {
            "id": "1851109860",
            "include_unavailable": null,
            "name": null,
            "product": "cvm",
            "result_output_file": null,
            "zones": [
              {
                "description": "Hong Kong Zone 2",
                "id": "300002",
                "name": "ap-hongkong-2",
                "state": "AVAILABLE"
              },
              {
                "description": "Hong Kong Zone 3",
                "id": "300003",
                "name": "ap-hongkong-3",
                "state": "AVAILABLE"
              }
            ]
          },
          "sensitive_attributes": []
        }
      ]
    },
    {
      "module": "module.cvm2",
      "mode": "data",
      "type": "tencentcloud_images",
      "name": "default",
      "provider": "module.cvm2.provider[\"registry.terraform.io/tencentcloudstack/tencentcloud\"]",
      "instances": [
        {
          "schema_version": 0,
          "attributes": {
            "id": "3943428822",
            "image_id": null,
            "image_name_regex": null,
            "image_type": [
              "PUBLIC_IMAGE"
            ],
            "images": [
              {
                "architecture": "x86_64",
                "created_time": "",
                "image_creator": "",
                "image_description": "Ubuntu Server 22.04 LTS 64bit",
                "image_id": "img-487zeit5",
                "image_name": "Ubuntu Server 22.04 LTS 64bit",
                "image_size": 20,
                "image_source": "OFFICIAL",
                "image_state": "NORMAL",
                "image_type": "PUBLIC_IMAGE",
                "os_name": "Ubuntu Server 22.04 LTS 64bit",
                "platform": "Ubuntu",
                "snapshots": [],
                "support_cloud_init": true,
                "sync_percent": 0
              },
              {
                "architecture": "x86_64",
                "created_time": "",
                "image_creator": "",
                "image_description": "Ubuntu Server 24.04 LTS 64bit",
                "image_id": "img-mmytdhbn",
                "image_name": "Ubuntu Server 24.04 LTS 64bit",
                "image_size": 20,
                "image_source": "OFFICIAL",
                "image_state": "NORMAL",
                "image_type": "PUBLIC_IMAGE",
                "os_name": "Ubuntu Server 24.04 LTS 64bit",
                "platform": "Ubuntu",
                "snapshots": [],
                "support_cloud_init": true,
                "sync_percent": 0
              },
              {
                "architecture": "x86_64",
                "created_time": "",
                "image_creator": "",
                "image_description": "Ubuntu Server 22.04 LTS 64bit GRID16.2",
                "image_id": "img-fipweiwz",
                "image_name": "Ubuntu Server 22.04 LTS 64bit GRID16.2",
                "image_size": 20,
                "image_source": "OFFICIAL",
                "image_state": "NORMAL",
                "image_type": "PUBLIC_IMAGE",
                "os_name": "Ubuntu Server 22.04 LTS 64bit GRID16.2",
                "platform": "Ubuntu",
                "snapshots": [],
                "support_cloud_init": true,
                "sync_percent": 0
              },
              {
                "architecture": "x86_64",
                "created_time": "",
                "image_creator": "",
                "image_description": "Ubuntu Server 20.04 LTS 64bit",
                "image_id": "img-22trbn9x",
                "image_name": "Ubuntu Server 20.04 LTS 64bit",
                "image_size": 20,
                "image_source": "OFFICIAL",
                "image_state": "NORMAL",
                "image_type": "PUBLIC_IMAGE",
                "os_name": "Ubuntu Server 20.04 LTS 64bit",
                "platform": "Ubuntu",
                "snapshots": [],
                "support_cloud_init": true,
                "sync_percent": 0
              },
              {
                "architecture": "x86_64",
                "created_time": "",
                "image_creator": "",
                "image_description": "Ubuntu Server 20.04 LTS 64bit GRID16.2",
                "image_id": "img-rx55p5nv",
                "image_name": "Ubuntu Server 20.04 LTS 64bit GRID16.2",
                "image_size": 20,
                "image_source": "OFFICIAL",
                "image_state": "NORMAL",
                "image_type": "PUBLIC_IMAGE",
                "os_name": "Ubuntu Server 20.04 LTS 64bit GRID16.2",
                "platform": "Ubuntu",
                "snapshots": [],
                "support_cloud_init": true,
                "sync_percent": 0
              },
              {
                "architecture": "x86_64",
                "created_time": "",
                "image_creator": "",
                "image_description": "Ubuntu Server 20.04 LTS 64bit GRID11.1",
                "image_id": "img-j10l2cnz",
                "image_name": "Ubuntu Server 20.04 LTS 64bit GRID11.1",
                "image_size": 20,
                "image_source": "OFFICIAL",
                "image_state": "NORMAL",
                "image_type": "PUBLIC_IMAGE",
                "os_name": "Ubuntu Server 20.04 LTS 64bit GRID11.1",
                "platform": "Ubuntu",
                "snapshots": [],
                "support_cloud_init": true,
                "sync_percent": 0
              },
              {
                "architecture": "arm",
                "created_time": "",
                "image_creator": "",
                "image_description": "Ubuntu 20.04(arm64)",
                "image_id": "img-2eokmhf5",
                "image_name": "Ubuntu 20.04(arm64)",
                "image_size": 20,
                "image_source": "OFFICIAL",
                "image_state": "NORMAL",
                "image_type": "PUBLIC_IMAGE",
                "os_name": "Ubuntu 20.04(arm64)",
                "platform": "Ubuntu",
                "snapshots": [],
                "support_cloud_init": true,
                "sync_percent": 0
              },
              {
                "architecture": "x86_64",
                "created_time": "",
                "image_creator": "",
                "image_description": "Ubuntu Server 18.04 LTS 64bit",
                "image_id": "img-pi0ii46r",
                "image_name": "Ubuntu Server 18.04 LTS 64bit",
                "image_size": 20,
                "image_source": "OFFICIAL",
                "image_state": "NORMAL",
                "image_type": "PUBLIC_IMAGE",
                "os_name": "Ubuntu Server 18.04 LTS 64bit",
                "platform": "Ubuntu",
                "snapshots": [],
                "support_cloud_init": true,
                "sync_percent": 0
              },
              {
                "architecture": "arm",
                "created_time": "",
                "image_creator": "",
                "image_description": "Ubuntu 18.04(arm64)",
                "image_id": "img-9eh8c1p1",
                "image_name": "Ubuntu 18.04(arm64)",
                "image_size": 20,
                "image_source": "OFFICIAL",
                "image_state": "NORMAL",
                "image_type": "PUBLIC_IMAGE",
                "os_name": "Ubuntu 18.04(arm64)",
                "platform": "Ubuntu",
                "snapshots": [],
                "support_cloud_init": true,
                "sync_percent": 0
              },
              {
                "architecture": "x86_64",
                "created_time": "",
                "image_creator": "",
                "image_description": "Ubuntu Server 16.04 LTS 64bit",
                "image_id": "img-pyqx34y1",
                "image_name": "Ubuntu Server 16.04 LTS 64bit",
                "image_size": 20,
                "image_source": "OFFICIAL",
                "image_state": "NORMAL",
                "image_type": "PUBLIC_IMAGE",
                "os_name": "Ubuntu Server 16.04 LTS 64bit",
                "platform": "Ubuntu",
                "snapshots": [],
                "support_cloud_init": true,
                "sync_percent": 0
              },
              {
                "architecture": "i386",
                "created_time": "",
                "image_creator": "",
                "image_description": "Ubuntu Server 16.04 LTS 32bit",
                "image_id": "img-8u6dn6p1",
                "image_name": "Ubuntu Server 16.04 LTS 32bit",
                "image_size": 20,
                "image_source": "OFFICIAL",
                "image_state": "NORMAL",
                "image_type": "PUBLIC_IMAGE",
                "os_name": "Ubuntu Server 16.04 LTS 32bit",
                "platform": "Ubuntu",
                "snapshots": [],
                "support_cloud_init": true,
                "sync_percent": 0
              },
              {
                "architecture": "x86_64",
                "created_time": "",
                "image_creator": "",
                "image_description": "Ubuntu Server 14.04 LTS 64bit",
                "image_id": "img-3wnd9xpl",
                "image_name": "Ubuntu Server 14.04 LTS 64bit",
                "image_size": 20,
                "image_source": "OFFICIAL",
                "image_state": "NORMAL",
                "image_type": "PUBLIC_IMAGE",
                "os_name": "Ubuntu Server 14.04 LTS 64bit",
                "platform": "Ubuntu",
                "snapshots": [],
                "support_cloud_init": true,
                "sync_percent": 0
              },
              {
                "architecture": "i386",
                "created_time": "",
                "image_creator": "",
                "image_description": "Ubuntu Server 14.04 LTS 32bit",
                "image_id": "img-qpxvpujt",
                "image_name": "Ubuntu Server 14.04 LTS 32bit",
                "image_size": 50,
                "image_source": "OFFICIAL",
                "image_state": "NORMAL",
                "image_type": "PUBLIC_IMAGE",
                "os_name": "Ubuntu Server 14.04 LTS 32bit",
                "platform": "Ubuntu",
                "snapshots": [],
                "support_cloud_init": false,
                "sync_percent": 0
              },
              {
                "architecture": "x86_64",
                "created_time": "",
                "image_creator": "",
                "image_description": "Ubuntu Server 22.04 LTS 64bit UEFI版",
                "image_id": "img-7rotv4ux",
                "image_name": "Ubuntu Server 22.04 LTS 64bit UEFI版",
                "image_size": 20,
                "image_source": "OFFICIAL",
                "image_state": "NORMAL",
                "image_type": "PUBLIC_IMAGE",
                "os_name": "Ubuntu Server 22.04 LTS 64bit UEFI版",
                "platform": "Ubuntu",
                "snapshots": [],
                "support_cloud_init": true,
                "sync_percent": 0
              }
            ],
            "instance_type": null,
            "os_name": "ubuntu",
            "result_output_file": null
          },
          "sensitive_attributes": []
        }
      ]
    },
    {
      "module": "module.cvm2",
      "mode": "data",
      "type": "tencentcloud_instance_types",
      "name": "default",
      "provider": "module.cvm2.provider[\"registry.terraform.io/tencentcloudstack/tencentcloud\"]",
      "instances": [
        {
          "schema_version": 0,
          "attributes": {
            "availability_zone": null,
            "cpu_core_count": 4,
            "exclude_sold_out": false,
            "filter": [
              {
                "name": "instance-family",
                "values": [
                  "S5"
                ]
              },
              {
                "name": "zone",
                "values": [
                  "ap-hongkong-2"
                ]
              }
            ],
            "gpu_core_count": null,
            "id": "1950780053",
            "instance_types": [
              {
                "availability_zone": "ap-hongkong-2",
                "cpu_core_count": 4,
                "family": "S5",
                "gpu_core_count": 0,
                "instance_charge_type": "PREPAID",
                "instance_type": "S5.LARGE8",
                "memory_size": 8,
                "status": "SELL"
              },
              {
                "availability_zone": "ap-hongkong-2",
                "cpu_core_count": 4,
                "family": "S5",
                "gpu_core_count": 0,
                "instance_charge_type": "POSTPAID_BY_HOUR",
                "instance_type": "S5.LARGE8",
                "memory_size": 8,
                "status": "SELL"
              },
              {
                "availability_zone": "ap-hongkong-2",
                "cpu_core_count": 4,
                "family": "S5",
                "gpu_core_count": 0,
                "instance_charge_type": "SPOTPAID",
                "instance_type": "S5.LARGE8",
                "memory_size": 8,
                "status": "SELL"
              }
            ],
            "memory_size": 8,
            "result_output_file": null
          },
          "sensitive_attributes": []
        }
      ]
    },
    {
      "module": "module.cvm2",
      "mode": "managed",
      "type": "tencentcloud_instance",
      "name": "ubuntu",
      "provider": "module.cvm2.provider[\"registry.terraform.io/tencentcloudstack/tencentcloud\"]",
      "instances": [
        {
          "index_key": 0,
          "schema_version": 0,
          "attributes": {
            "allocate_public_ip": true,
            "availability_zone": "ap-hongkong-2",
            "bandwidth_package_id": null,
            "cam_role_name": "",
            "cdh_host_id": null,
            "cdh_instance_type": null,
            "cpu": 4,
            "create_time": "2024-12-07T00:29:30Z",
            "data_disks": [],
            "dedicated_cluster_id": "",
            "disable_api_termination": false,
            "disable_automation_service": false,
            "disable_monitor_service": false,
            "disable_security_service": false,
            "expired_time": "",
            "force_delete": false,
            "hostname": "tf-cvm-0",
            "id": "ins-l28pqlvu",
            "image_id": "img-487zeit5",
            "instance_charge_type": "SPOTPAID",
            "instance_charge_type_prepaid_period": null,
            "instance_charge_type_prepaid_renew_flag": "",
            "instance_count": null,
            "instance_name": "tf-cvm-0",
            "instance_status": "RUNNING",
            "instance_type": "S5.LARGE8",
            "internet_charge_type": "TRAFFIC_POSTPAID_BY_HOUR",
            "internet_max_bandwidth_out": 100,
            "keep_image_login": null,
            "key_ids": [],
            "key_name": "",
            "memory": 8,
            "orderly_security_groups": [
              "sg-nh79fhzv"
            ],
            "os_name": "Ubuntu Server 22.04 LTS 64bit",
            "password": "qwe123ewq",
            "placement_group_id": null,
            "private_ip": "10.96.1.12",
            "project_id": 0,
            "public_ip": "43.135.92.229",
            "running_flag": true,
            "security_groups": [
              "sg-nh79fhzv"
            ],
            "spot_instance_type": null,
            "spot_max_price": null,
            "stopped_mode": null,
            "subnet_id": "subnet-fk50haw9",
            "system_disk_id": "disk-lsd47ick",
            "system_disk_resize_online": null,
            "system_disk_size": 100,
            "system_disk_type": "CLOUD_SSD",
            "tags": null,
            "timeouts": null,
            "user_data": null,
            "user_data_raw": null,
            "uuid": "a2dce658-81c7-43de-a6c6-36332733de1d",
            "vpc_id": "vpc-494cddo8"
          },
          "sensitive_attributes": [
            [
              {
                "type": "get_attr",
                "value": "password"
              }
            ]
          ],
          "private": "eyJlMmJmYjczMC1lY2FhLTExZTYtOGY4OC0zNDM2M2JjN2M0YzAiOnsiY3JlYXRlIjo5MDAwMDAwMDAwMDB9fQ==",
          "dependencies": [
            "module.cvm2.data.tencentcloud_images.default",
            "module.cvm2.data.tencentcloud_instance_types.default",
            "module.vpc.tencentcloud_security_group.sg",
            "module.vpc.tencentcloud_subnet.subnet",
            "module.vpc.tencentcloud_vpc.vpc"
          ]
        }
      ]
    },
    {
      "module": "module.vpc",
      "mode": "managed",
      "type": "tencentcloud_route_table",
      "name": "route_table",
      "provider": "module.vpc.provider[\"registry.terraform.io/tencentcloudstack/tencentcloud\"]",
      "instances": [
        {
          "schema_version": 0,
          "attributes": {
            "create_time": "2024-12-07 08:29:05",
            "id": "rtb-agpts2hf",
            "is_default": false,
            "name": "tf-default-rt",
            "route_entry_ids": [],
            "subnet_ids": [],
            "tags": null,
            "vpc_id": "vpc-494cddo8"
          },
          "sensitive_attributes": [],
          "private": "bnVsbA==",
          "dependencies": [
            "module.vpc.tencentcloud_vpc.vpc"
          ]
        }
      ]
    },
    {
      "module": "module.vpc",
      "mode": "managed",
      "type": "tencentcloud_security_group",
      "name": "sg",
      "provider": "module.vpc.provider[\"registry.terraform.io/tencentcloudstack/tencentcloud\"]",
      "instances": [
        {
          "schema_version": 0,
          "attributes": {
            "description": "",
            "id": "sg-nh79fhzv",
            "name": "sg",
            "project_id": 0,
            "tags": null
          },
          "sensitive_attributes": [],
          "private": "bnVsbA=="
        }
      ]
    },
    {
      "module": "module.vpc",
      "mode": "managed",
      "type": "tencentcloud_security_group_lite_rule",
      "name": "all",
      "provider": "module.vpc.provider[\"registry.terraform.io/tencentcloudstack/tencentcloud\"]",
      "instances": [
        {
          "schema_version": 0,
          "attributes": {
            "egress": [
              "ACCEPT#0.0.0.0/0#ALL#TCP"
            ],
            "id": "sg-nh79fhzv",
            "ingress": [
              "ACCEPT#0.0.0.0/0#ALL#TCP"
            ],
            "security_group_id": "sg-nh79fhzv"
          },
          "sensitive_attributes": [],
          "private": "bnVsbA==",
          "dependencies": [
            "module.vpc.tencentcloud_security_group.sg"
          ]
        }
      ]
    },
    {
      "module": "module.vpc",
      "mode": "managed",
      "type": "tencentcloud_subnet",
      "name": "subnet",
      "provider": "module.vpc.provider[\"registry.terraform.io/tencentcloudstack/tencentcloud\"]",
      "instances": [
        {
          "schema_version": 0,
          "attributes": {
            "availability_zone": "ap-hongkong-2",
            "available_ip_count": 253,
            "cdc_id": "",
            "cidr_block": "10.96.1.0/24",
            "create_time": "2024-12-07 08:29:05",
            "id": "subnet-fk50haw9",
            "is_default": false,
            "is_multicast": true,
            "name": "tf_subnet_default",
            "route_table_id": "rtb-o97jl7z1",
            "tags": null,
            "vpc_id": "vpc-494cddo8"
          },
          "sensitive_attributes": [],
          "private": "bnVsbA==",
          "dependencies": [
            "module.vpc.tencentcloud_vpc.vpc"
          ]
        }
      ]
    },
    {
      "module": "module.vpc",
      "mode": "managed",
      "type": "tencentcloud_vpc",
      "name": "vpc",
      "provider": "module.vpc.provider[\"registry.terraform.io/tencentcloudstack/tencentcloud\"]",
      "instances": [
        {
          "schema_version": 0,
          "attributes": {
            "assistant_cidrs": [],
            "cidr_block": "10.96.0.0/16",
            "create_time": "2024-12-07 08:28:59",
            "default_route_table_id": "rtb-o97jl7z1",
            "dns_servers": [
              "183.60.82.98",
              "183.60.83.19"
            ],
            "docker_assistant_cidrs": [],
            "id": "vpc-494cddo8",
            "is_default": false,
            "is_multicast": true,
            "name": "tf_vpc_default",
            "tags": null
          },
          "sensitive_attributes": [],
          "private": "bnVsbA=="
        }
      ]
    }
  ],
  "check_results": [
    {
      "object_kind": "var",
      "config_addr": "module.k3s2.module.k3s.var.name",
      "status": "unknown",
      "objects": [
        {
          "object_addr": "module.k3s2.module.k3s.var.name",
          "status": "unknown"
        }
      ]
    },
    {
      "object_kind": "var",
      "config_addr": "module.k3s1.module.k3s.var.agents",
      "status": "pass",
      "objects": [
        {
          "object_addr": "module.k3s1.module.k3s.var.agents",
          "status": "pass"
        }
      ]
    },
    {
      "object_kind": "var",
      "config_addr": "module.k3s2.module.k3s.var.k3s_install_env_vars",
      "status": "pass",
      "objects": [
        {
          "object_addr": "module.k3s2.module.k3s.var.k3s_install_env_vars",
          "status": "pass"
        }
      ]
    },
    {
      "object_kind": "var",
      "config_addr": "module.k3s.module.k3s.var.agents",
      "status": "pass",
      "objects": [
        {
          "object_addr": "module.k3s.module.k3s.var.agents",
          "status": "pass"
        }
      ]
    },
    {
      "object_kind": "var",
      "config_addr": "module.k3s2.module.k3s.var.servers",
      "status": "pass",
      "objects": [
        {
          "object_addr": "module.k3s2.module.k3s.var.servers",
          "status": "pass"
        }
      ]
    },
    {
      "object_kind": "var",
      "config_addr": "module.k3s.module.k3s.var.servers",
      "status": "pass",
      "objects": [
        {
          "object_addr": "module.k3s.module.k3s.var.servers",
          "status": "pass"
        }
      ]
    },
    {
      "object_kind": "var",
      "config_addr": "module.k3s.module.k3s.var.name",
      "status": "unknown",
      "objects": [
        {
          "object_addr": "module.k3s.module.k3s.var.name",
          "status": "unknown"
        }
      ]
    },
    {
      "object_kind": "var",
      "config_addr": "module.k3s.module.k3s.var.k3s_install_env_vars",
      "status": "pass",
      "objects": [
        {
          "object_addr": "module.k3s.module.k3s.var.k3s_install_env_vars",
          "status": "pass"
        }
      ]
    },
    {
      "object_kind": "var",
      "config_addr": "module.k3s1.module.k3s.var.k3s_install_env_vars",
      "status": "pass",
      "objects": [
        {
          "object_addr": "module.k3s1.module.k3s.var.k3s_install_env_vars",
          "status": "pass"
        }
      ]
    },
    {
      "object_kind": "var",
      "config_addr": "module.k3s2.module.k3s.var.agents",
      "status": "pass",
      "objects": [
        {
          "object_addr": "module.k3s2.module.k3s.var.agents",
          "status": "pass"
        }
      ]
    },
    {
      "object_kind": "var",
      "config_addr": "module.k3s1.module.k3s.var.name",
      "status": "unknown",
      "objects": [
        {
          "object_addr": "module.k3s1.module.k3s.var.name",
          "status": "unknown"
        }
      ]
    },
    {
      "object_kind": "var",
      "config_addr": "module.k3s1.module.k3s.var.servers",
      "status": "pass",
      "objects": [
        {
          "object_addr": "module.k3s1.module.k3s.var.servers",
          "status": "pass"
        }
      ]
    }
  ]
}
